
Microsoft Visual Studio Solution File, Format Version 12.00
# Visual Studio 15
VisualStudioVersion = 15.0.26430.15
MinimumVisualStudioVersion = 10.0.40219.1
Project("{9A19103F-16F7-4668-BE54-9A1E7A4F7556}") = "VI.AWS.AlexaTopSites", "VI.AWS.AlexaTopSites\VI.AWS.AlexaTopSites.csproj", "{8B6BB5B3-4D46-442C-A128-406C208DFA01}"
EndProject
Project("{9A19103F-16F7-4668-BE54-9A1A7A8F7056}") = "VI.AWS.AlexaTopSites.Tests", "VI.AWS.AlexaTopSites.Tests\VI.AWS.AlexaTopSites.Tests.csproj", "{B0645DBE-037C-49B0-A307-1AC9423A9F03}"
EndProject
Project("{FAE04EC0-301F-11D3-BF4B-00C04F79EFBC}") = "VI.AWS.AlexaTopSites.Client", "VI.AWS.AlexaTopSites.Client\VI.AWS.AlexaTopSites.Client.csproj", "{5A94FBA0-EFA4-4B9A-A33B-96EDC4386CCC}"
EndProject
Global
	GlobalSection(SolutionConfigurationPlatforms) = preSolution
		Debug|Any CPU = Debug|Any CPU
		Release|Any CPU = Release|Any CPU
		Debug|x64 = Debug|x64
		Debug|x86 = Debug|x86
		Release|x64 = Release|x64
		Release|x86 = Release|x86
	EndGlobalSection
	GlobalSection(ProjectConfigurationPlatforms) = postSolution
		{8B6BB5B3-4D46-442C-A128-406C208DFA01}.Debug|Any CPU.ActiveCfg = Debug|Any CPU
		{8B6BB5B3-4D46-442C-A128-406C208DFA01}.Debug|Any CPU.Build.0 = Debug|Any CPU
		{8B6BB5B3-4D46-442C-A128-406C208DFA01}.Release|Any CPU.ActiveCfg = Release|Any CPU
		{8B6BB5B3-4D46-442C-A128-406C208DFA01}.Release|Any CPU.Build.0 = Release|Any CPU
		{B0645DBE-037C-49B0-A307-1AC9423A9F03}.Debug|Any CPU.ActiveCfg = Debug|Any CPU
		{B0645DBE-037C-49B0-A307-1AC9423A9F03}.Debug|Any CPU.Build.0 = Debug|Any CPU
		{B0645DBE-037C-49B0-A307-1AC9423A9F03}.Release|Any CPU.ActiveCfg = Release|Any CPU
		{B0645DBE-037C-49B0-A307-1AC9423A9F03}.Release|Any CPU.Build.0 = Release|Any CPU
		{5A94FBA0-EFA4-4B9A-A33B-96EDC4386CCC}.Debug|Any CPU.ActiveCfg = Debug|Any CPU
		{5A94FBA0-EFA4-4B9A-A33B-96EDC4386CCC}.Debug|Any CPU.Build.0 = Debug|Any CPU
		{5A94FBA0-EFA4-4B9A-A33B-96EDC4386CCC}.Debug|x64.ActiveCfg = Debug|x64
		{5A94FBA0-EFA4-4B9A-A33B-96EDC4386CCC}.Debug|x64.Build.0 = Debug|x64
		{5A94FBA0-EFA4-4B9A-A33B-96EDC4386CCC}.Debug|x86.ActiveCfg = Debug|x86
		{5A94FBA0-EFA4-4B9A-A33B-96EDC4386CCC}.Debug|x86.Build.0 = Debug|x86
		{5A94FBA0-EFA4-4B9A-A33B-96EDC4386CCC}.Release|Any CPU.ActiveCfg = Release|Any CPU
		{5A94FBA0-EFA4-4B9A-A33B-96EDC4386CCC}.Release|Any CPU.Build.0 = Release|Any CPU
		{5A94FBA0-EFA4-4B9A-A33B-96EDC4386CCC}.Release|x64.ActiveCfg = Release|x64
		{5A94FBA0-EFA4-4B9A-A33B-96EDC4386CCC}.Release|x64.Build.0 = Release|x64
		{5A94FBA0-EFA4-4B9A-A33B-96EDC4386CCC}.Release|x86.ActiveCfg = Release|x86
		{5A94FBA0-EFA4-4B9A-A33B-96EDC4386CCC}.Release|x86.Build.0 = Release|x86
	EndGlobalSection
	GlobalSection(SolutionProperties) = preSolution
		HideSolutionNode = FALSE
	EndGlobalSection
EndGlobal
